
Microsoft Visual Studio Solution File, Format Version 12.00
# Visual Studio Version 16
VisualStudioVersion = 16.0.31729.503
MinimumVisualStudioVersion = 10.0.40219.1
Project("{FAE04EC0-301F-11D3-BF4B-00C04F79EFBC}") = "LastWitch.App", "LastWitch.App\LastWitch.App.csproj", "{03E30F9C-DB9B-486D-8D9E-1D8DBC39629F}"
EndProject
Global
	GlobalSection(SolutionConfigurationPlatforms) = preSolution
		Debug|Any CPU = Debug|Any CPU
		Release|Any CPU = Release|Any CPU
	EndGlobalSection
	GlobalSection(ProjectConfigurationPlatforms) = postSolution
		{03E30F9C-DB9B-486D-8D9E-1D8DBC39629F}.Debug|Any CPU.ActiveCfg = Debug|Any CPU
		{03E30F9C-DB9B-486D-8D9E-1D8DBC39629F}.Debug|Any CPU.Build.0 = Debug|Any CPU
		{03E30F9C-DB9B-486D-8D9E-1D8DBC39629F}.Release|Any CPU.ActiveCfg = Release|Any CPU
		{03E30F9C-DB9B-486D-8D9E-1D8DBC39629F}.Release|Any CPU.Build.0 = Release|Any CPU
	EndGlobalSection
	GlobalSection(SolutionProperties) = preSolution
		HideSolutionNode = FALSE
	EndGlobalSection
	GlobalSection(ExtensibilityGlobals) = postSolution
		SolutionGuid = {288490A3-7BF2-4980-BA0F-7D4B52470271}
	EndGlobalSection
EndGlobal
